// !$*UTF8*$!
{
	archiveVersion = 1;
	classes = {
	};
	objectVersion = 50;
	objects = {

/* Begin PBXBuildFile section */
		408522C2246AF21600E65108 /* AppDelegate.swift in Sources */ = {isa = PBXBuildFile; fileRef = 408522C1246AF21600E65108 /* AppDelegate.swift */; };
		408522C4246AF21600E65108 /* ContentView.swift in Sources */ = {isa = PBXBuildFile; fileRef = 408522C3246AF21600E65108 /* ContentView.swift */; };
		408522C6246AF21700E65108 /* Assets.xcassets in Resources */ = {isa = PBXBuildFile; fileRef = 408522C5246AF21700E65108 /* Assets.xcassets */; };
		408522C9246AF21700E65108 /* Preview Assets.xcassets in Resources */ = {isa = PBXBuildFile; fileRef = 408522C8246AF21700E65108 /* Preview Assets.xcassets */; };
		408522CC246AF21700E65108 /* Main.storyboard in Resources */ = {isa = PBXBuildFile; fileRef = 408522CA246AF21700E65108 /* Main.storyboard */; };
		408522D8246AF21700E65108 /* DrinkAssistantTests.swift in Sources */ = {isa = PBXBuildFile; fileRef = 408522D7246AF21700E65108 /* DrinkAssistantTests.swift */; };
		408522E3246AF21700E65108 /* DrinkAssistantUITests.swift in Sources */ = {isa = PBXBuildFile; fileRef = 408522E2246AF21700E65108 /* DrinkAssistantUITests.swift */; };
/* End PBXBuildFile section */

/* Begin PBXContainerItemProxy section */
		408522D4246AF21700E65108 /* PBXContainerItemProxy */ = {
			isa = PBXContainerItemProxy;
			containerPortal = 408522B6246AF21600E65108 /* Project object */;
			proxyType = 1;
			remoteGlobalIDString = 408522BD246AF21600E65108;
			remoteInfo = DrinkAssistant;
		};
		408522DF246AF21700E65108 /* PBXContainerItemProxy */ = {
			isa = PBXContainerItemProxy;
			containerPortal = 408522B6246AF21600E65108 /* Project object */;
			proxyType = 1;
			remoteGlobalIDString = 408522BD246AF21600E65108;
			remoteInfo = DrinkAssistant;
		};
/* End PBXContainerItemProxy section */

/* Begin PBXFileReference section */
		408522BE246AF21600E65108 /* DrinkAssistant.app */ = {isa = PBXFileReference; explicitFileType = wrapper.application; includeInIndex = 0; path = DrinkAssistant.app; sourceTree = BUILT_PRODUCTS_DIR; };
		408522C1246AF21600E65108 /* AppDelegate.swift */ = {isa = PBXFileReference; lastKnownFileType = sourcecode.swift; path = AppDelegate.swift; sourceTree = "<group>"; };
		408522C3246AF21600E65108 /* ContentView.swift */ = {isa = PBXFileReference; lastKnownFileType = sourcecode.swift; path = ContentView.swift; sourceTree = "<group>"; };
		408522C5246AF21700E65108 /* Assets.xcassets */ = {isa = PBXFileReference; lastKnownFileType = folder.assetcatalog; path = Assets.xcassets; sourceTree = "<group>"; };
		408522C8246AF21700E65108 /* Preview Assets.xcassets */ = {isa = PBXFileReference; lastKnownFileType = folder.assetcatalog; path = "Preview Assets.xcassets"; sourceTree = "<group>"; };
		408522CB246AF21700E65108 /* Base */ = {isa = PBXFileReference; lastKnownFileType = file.storyboard; name = Base; path = Base.lproj/Main.storyboard; sourceTree = "<group>"; };
		408522CD246AF21700E65108 /* Info.plist */ = {isa = PBXFileReference; lastKnownFileType = text.plist.xml; path = Info.plist; sourceTree = "<group>"; };
		408522CE246AF21700E65108 /* DrinkAssistant.entitlements */ = {isa = PBXFileReference; lastKnownFileType = text.plist.entitlements; path = DrinkAssistant.entitlements; sourceTree = "<group>"; };
		408522D3246AF21700E65108 /* DrinkAssistantTests.xctest */ = {isa = PBXFileReference; explicitFileType = wrapper.cfbundle; includeInIndex = 0; path = DrinkAssistantTests.xctest; sourceTree = BUILT_PRODUCTS_DIR; };
		408522D7246AF21700E65108 /* DrinkAssistantTests.swift */ = {isa = PBXFileReference; lastKnownFileType = sourcecode.swift; path = DrinkAssistantTests.swift; sourceTree = "<group>"; };
		408522D9246AF21700E65108 /* Info.plist */ = {isa = PBXFileReference; lastKnownFileType = text.plist.xml; path = Info.plist; sourceTree = "<group>"; };
		408522DE246AF21700E65108 /* DrinkAssistantUITests.xctest */ = {isa = PBXFileReference; explicitFileType = wrapper.cfbundle; includeInIndex = 0; path = DrinkAssistantUITests.xctest; sourceTree = BUILT_PRODUCTS_DIR; };
		408522E2246AF21700E65108 /* DrinkAssistantUITests.swift */ = {isa = PBXFileReference; lastKnownFileType = sourcecode.swift; path = DrinkAssistantUITests.swift; sourceTree = "<group>"; };
		408522E4246AF21700E65108 /* Info.plist */ = {isa = PBXFileReference; lastKnownFileType = text.plist.xml; path = Info.plist; sourceTree = "<group>"; };
/* End PBXFileReference section */

/* Begin PBXFrameworksBuildPhase section */
		408522BB246AF21600E65108 /* Frameworks */ = {
			isa = PBXFrameworksBuildPhase;
			buildActionMask = 2147483647;
			files = (
			);
			runOnlyForDeploymentPostprocessing = 0;
		};
		408522D0246AF21700E65108 /* Frameworks */ = {
			isa = PBXFrameworksBuildPhase;
			buildActionMask = 2147483647;
			files = (
			);
			runOnlyForDeploymentPostprocessing = 0;
		};
		408522DB246AF21700E65108 /* Frameworks */ = {
			isa = PBXFrameworksBuildPhase;
			buildActionMask = 2147483647;
			files = (
			);
			runOnlyForDeploymentPostprocessing = 0;
		};
/* End PBXFrameworksBuildPhase section */

/* Begin PBXGroup section */
		408522B5246AF21600E65108 = {
			isa = PBXGroup;
			children = (
				408522C0246AF21600E65108 /* DrinkAssistant */,
				408522D6246AF21700E65108 /* DrinkAssistantTests */,
				408522E1246AF21700E65108 /* DrinkAssistantUITests */,
				408522BF246AF21600E65108 /* Products */,
			);
			sourceTree = "<group>";
		};
		408522BF246AF21600E65108 /* Products */ = {
			isa = PBXGroup;
			children = (
				408522BE246AF21600E65108 /* DrinkAssistant.app */,
				408522D3246AF21700E65108 /* DrinkAssistantTests.xctest */,
				408522DE246AF21700E65108 /* DrinkAssistantUITests.xctest */,
			);
			name = Products;
			sourceTree = "<group>";
		};
		408522C0246AF21600E65108 /* DrinkAssistant */ = {
			isa = PBXGroup;
			children = (
				408522C1246AF21600E65108 /* AppDelegate.swift */,
				408522C3246AF21600E65108 /* ContentView.swift */,
				408522C5246AF21700E65108 /* Assets.xcassets */,
				408522CA246AF21700E65108 /* Main.storyboard */,
				408522CD246AF21700E65108 /* Info.plist */,
				408522CE246AF21700E65108 /* DrinkAssistant.entitlements */,
				408522C7246AF21700E65108 /* Preview Content */,
			);
			path = DrinkAssistant;
			sourceTree = "<group>";
		};
		408522C7246AF21700E65108 /* Preview Content */ = {
			isa = PBXGroup;
			children = (
				408522C8246AF21700E65108 /* Preview Assets.xcassets */,
			);
			path = "Preview Content";
			sourceTree = "<group>";
		};
		408522D6246AF21700E65108 /* DrinkAssistantTests */ = {
			isa = PBXGroup;
			children = (
				408522D7246AF21700E65108 /* DrinkAssistantTests.swift */,
				408522D9246AF21700E65108 /* Info.plist */,
			);
			path = DrinkAssistantTests;
			sourceTree = "<group>";
		};
		408522E1246AF21700E65108 /* DrinkAssistantUITests */ = {
			isa = PBXGroup;
			children = (
				408522E2246AF21700E65108 /* DrinkAssistantUITests.swift */,
				408522E4246AF21700E65108 /* Info.plist */,
			);
			path = DrinkAssistantUITests;
			sourceTree = "<group>";
		};
/* End PBXGroup section */

/* Begin PBXNativeTarget section */
		408522BD246AF21600E65108 /* DrinkAssistant */ = {
			isa = PBXNativeTarget;
			buildConfigurationList = 408522E7246AF21700E65108 /* Build configuration list for PBXNativeTarget "DrinkAssistant" */;
			buildPhases = (
				408522BA246AF21600E65108 /* Sources */,
				408522BB246AF21600E65108 /* Frameworks */,
				408522BC246AF21600E65108 /* Resources */,
			);
			buildRules = (
			);
			dependencies = (
			);
			name = DrinkAssistant;
			productName = DrinkAssistant;
			productReference = 408522BE246AF21600E65108 /* DrinkAssistant.app */;
			productType = "com.apple.product-type.application";
		};
		408522D2246AF21700E65108 /* DrinkAssistantTests */ = {
			isa = PBXNativeTarget;
			buildConfigurationList = 408522EA246AF21700E65108 /* Build configuration list for PBXNativeTarget "DrinkAssistantTests" */;
			buildPhases = (
				408522CF246AF21700E65108 /* Sources */,
				408522D0246AF21700E65108 /* Frameworks */,
				408522D1246AF21700E65108 /* Resources */,
			);
			buildRules = (
			);
			dependencies = (
				408522D5246AF21700E65108 /* PBXTargetDependency */,
			);
			name = DrinkAssistantTests;
			productName = DrinkAssistantTests;
			productReference = 408522D3246AF21700E65108 /* DrinkAssistantTests.xctest */;
			productType = "com.apple.product-type.bundle.unit-test";
		};
		408522DD246AF21700E65108 /* DrinkAssistantUITests */ = {
			isa = PBXNativeTarget;
			buildConfigurationList = 408522ED246AF21700E65108 /* Build configuration list for PBXNativeTarget "DrinkAssistantUITests" */;
			buildPhases = (
				408522DA246AF21700E65108 /* Sources */,
				408522DB246AF21700E65108 /* Frameworks */,
				408522DC246AF21700E65108 /* Resources */,
			);
			buildRules = (
			);
			dependencies = (
				408522E0246AF21700E65108 /* PBXTargetDependency */,
			);
			name = DrinkAssistantUITests;
			productName = DrinkAssistantUITests;
			productReference = 408522DE246AF21700E65108 /* DrinkAssistantUITests.xctest */;
			productType = "com.apple.product-type.bundle.ui-testing";
		};
/* End PBXNativeTarget section */

/* Begin PBXProject section */
		408522B6246AF21600E65108 /* Project object */ = {
			isa = PBXProject;
			attributes = {
				LastSwiftUpdateCheck = 1140;
				LastUpgradeCheck = 1140;
				ORGANIZATIONNAME = "Wincer Chan";
				TargetAttributes = {
					408522BD246AF21600E65108 = {
						CreatedOnToolsVersion = 11.4.1;
					};
					408522D2246AF21700E65108 = {
						CreatedOnToolsVersion = 11.4.1;
						TestTargetID = 408522BD246AF21600E65108;
					};
					408522DD246AF21700E65108 = {
						CreatedOnToolsVersion = 11.4.1;
						TestTargetID = 408522BD246AF21600E65108;
					};
				};
			};
			buildConfigurationList = 408522B9246AF21600E65108 /* Build configuration list for PBXProject "DrinkAssistant" */;
			compatibilityVersion = "Xcode 9.3";
			developmentRegion = en;
			hasScannedForEncodings = 0;
			knownRegions = (
				en,
				Base,
			);
			mainGroup = 408522B5246AF21600E65108;
			productRefGroup = 408522BF246AF21600E65108 /* Products */;
			projectDirPath = "";
			projectRoot = "";
			targets = (
				408522BD246AF21600E65108 /* DrinkAssistant */,
				408522D2246AF21700E65108 /* DrinkAssistantTests */,
				408522DD246AF21700E65108 /* DrinkAssistantUITests */,
			);
		};
/* End PBXProject section */

/* Begin PBXResourcesBuildPhase section */
		408522BC246AF21600E65108 /* Resources */ = {
			isa = PBXResourcesBuildPhase;
			buildActionMask = 2147483647;
			files = (
				408522CC246AF21700E65108 /* Main.storyboard in Resources */,
				408522C9246AF21700E65108 /* Preview Assets.xcassets in Resources */,
				408522C6246AF21700E65108 /* Assets.xcassets in Resources */,
			);
			runOnlyForDeploymentPostprocessing = 0;
		};
		408522D1246AF21700E65108 /* Resources */ = {
			isa = PBXResourcesBuildPhase;
			buildActionMask = 2147483647;
			files = (
			);
			runOnlyForDeploymentPostprocessing = 0;
		};
		408522DC246AF21700E65108 /* Resources */ = {
			isa = PBXResourcesBuildPhase;
			buildActionMask = 2147483647;
			files = (
			);
			runOnlyForDeploymentPostprocessing = 0;
		};
/* End PBXResourcesBuildPhase section */

/* Begin PBXSourcesBuildPhase section */
		408522BA246AF21600E65108 /* Sources */ = {
			isa = PBXSourcesBuildPhase;
			buildActionMask = 2147483647;
			files = (
				408522C4246AF21600E65108 /* ContentView.swift in Sources */,
				408522C2246AF21600E65108 /* AppDelegate.swift in Sources */,
			);
			runOnlyForDeploymentPostprocessing = 0;
		};
		408522CF246AF21700E65108 /* Sources */ = {
			isa = PBXSourcesBuildPhase;
			buildActionMask = 2147483647;
			files = (
				408522D8246AF21700E65108 /* DrinkAssistantTests.swift in Sources */,
			);
			runOnlyForDeploymentPostprocessing = 0;
		};
		408522DA246AF21700E65108 /* Sources */ = {
			isa = PBXSourcesBuildPhase;
			buildActionMask = 2147483647;
			files = (
				408522E3246AF21700E65108 /* DrinkAssistantUITests.swift in Sources */,
			);
			runOnlyForDeploymentPostprocessing = 0;
		};
/* End PBXSourcesBuildPhase section */

/* Begin PBXTargetDependency section */
		408522D5246AF21700E65108 /* PBXTargetDependency */ = {
			isa = PBXTargetDependency;
			target = 408522BD246AF21600E65108 /* DrinkAssistant */;
			targetProxy = 408522D4246AF21700E65108 /* PBXContainerItemProxy */;
		};
		408522E0246AF21700E65108 /* PBXTargetDependency */ = {
			isa = PBXTargetDependency;
			target = 408522BD246AF21600E65108 /* DrinkAssistant */;
			targetProxy = 408522DF246AF21700E65108 /* PBXContainerItemProxy */;
		};
/* End PBXTargetDependency section */

/* Begin PBXVariantGroup section */
		408522CA246AF21700E65108 /* Main.storyboard */ = {
			isa = PBXVariantGroup;
			children = (
				408522CB246AF21700E65108 /* Base */,
			);
			name = Main.storyboard;
			sourceTree = "<group>";
		};
/* End PBXVariantGroup section */

/* Begin XCBuildConfiguration section */
		408522E5246AF21700E65108 /* Debug */ = {
			isa = XCBuildConfiguration;
			buildSettings = {
				ALWAYS_SEARCH_USER_PATHS = NO;
				CLANG_ANALYZER_NONNULL = YES;
				CLANG_ANALYZER_NUMBER_OBJECT_CONVERSION = YES_AGGRESSIVE;
				CLANG_CXX_LANGUAGE_STANDARD = "gnu++14";
				CLANG_CXX_LIBRARY = "libc++";
				CLANG_ENABLE_MODULES = YES;
				CLANG_ENABLE_OBJC_ARC = YES;
				CLANG_ENABLE_OBJC_WEAK = YES;
				CLANG_WARN_BLOCK_CAPTURE_AUTORELEASING = YES;
				CLANG_WARN_BOOL_CONVERSION = YES;
				CLANG_WARN_COMMA = YES;
				CLANG_WARN_CONSTANT_CONVERSION = YES;
				CLANG_WARN_DEPRECATED_OBJC_IMPLEMENTATIONS = YES;
				CLANG_WARN_DIRECT_OBJC_ISA_USAGE = YES_ERROR;
				CLANG_WARN_DOCUMENTATION_COMMENTS = YES;
				CLANG_WARN_EMPTY_BODY = YES;
				CLANG_WARN_ENUM_CONVERSION = YES;
				CLANG_WARN_INFINITE_RECURSION = YES;
				CLANG_WARN_INT_CONVERSION = YES;
				CLANG_WARN_NON_LITERAL_NULL_CONVERSION = YES;
				CLANG_WARN_OBJC_IMPLICIT_RETAIN_SELF = YES;
				CLANG_WARN_OBJC_LITERAL_CONVERSION = YES;
				CLANG_WARN_OBJC_ROOT_CLASS = YES_ERROR;
				CLANG_WARN_RANGE_LOOP_ANALYSIS = YES;
				CLANG_WARN_STRICT_PROTOTYPES = YES;
				CLANG_WARN_SUSPICIOUS_MOVE = YES;
				CLANG_WARN_UNGUARDED_AVAILABILITY = YES_AGGRESSIVE;
				CLANG_WARN_UNREACHABLE_CODE = YES;
				CLANG_WARN__DUPLICATE_METHOD_MATCH = YES;
				COPY_PHASE_STRIP = NO;
				DEBUG_INFORMATION_FORMAT = dwarf;
				ENABLE_STRICT_OBJC_MSGSEND = YES;
				ENABLE_TESTABILITY = YES;
				GCC_C_LANGUAGE_STANDARD = gnu11;
				GCC_DYNAMIC_NO_PIC = NO;
				GCC_NO_COMMON_BLOCKS = YES;
				GCC_OPTIMIZATION_LEVEL = 0;
				GCC_PREPROCESSOR_DEFINITIONS = (
					"DEBUG=1",
					"$(inherited)",
				);
				GCC_WARN_64_TO_32_BIT_CONVERSION = YES;
				GCC_WARN_ABOUT_RETURN_TYPE = YES_ERROR;
				GCC_WARN_UNDECLARED_SELECTOR = YES;
				GCC_WARN_UNINITIALIZED_AUTOS = YES_AGGRESSIVE;
				GCC_WARN_UNUSED_FUNCTION = YES;
				GCC_WARN_UNUSED_VARIABLE = YES;
				MACOSX_DEPLOYMENT_TARGET = 10.15;
				MTL_ENABLE_DEBUG_INFO = INCLUDE_SOURCE;
				MTL_FAST_MATH = YES;
				ONLY_ACTIVE_ARCH = YES;
				SDKROOT = macosx;
				SWIFT_ACTIVE_COMPILATION_CONDITIONS = DEBUG;
				SWIFT_OPTIMIZATION_LEVEL = "-Onone";
			};
			name = Debug;
		};
		408522E6246AF21700E65108 /* Release */ = {
			isa = XCBuildConfiguration;
			buildSettings = {
				ALWAYS_SEARCH_USER_PATHS = NO;
				CLANG_ANALYZER_NONNULL = YES;
				CLANG_ANALYZER_NUMBER_OBJECT_CONVERSION = YES_AGGRESSIVE;
				CLANG_CXX_LANGUAGE_STANDARD = "gnu++14";
				CLANG_CXX_LIBRARY = "libc++";
				CLANG_ENABLE_MODULES = YES;
				CLANG_ENABLE_OBJC_ARC = YES;
				CLANG_ENABLE_OBJC_WEAK = YES;
				CLANG_WARN_BLOCK_CAPTURE_AUTORELEASING = YES;
				CLANG_WARN_BOOL_CONVERSION = YES;
				CLANG_WARN_COMMA = YES;
				CLANG_WARN_CONSTANT_CONVERSION = YES;
				CLANG_WARN_DEPRECATED_OBJC_IMPLEMENTATIONS = YES;
				CLANG_WARN_DIRECT_OBJC_ISA_USAGE = YES_ERROR;
				CLANG_WARN_DOCUMENTATION_COMMENTS = YES;
				CLANG_WARN_EMPTY_BODY = YES;
				CLANG_WARN_ENUM_CONVERSION = YES;
				CLANG_WARN_INFINITE_RECURSION = YES;
				CLANG_WARN_INT_CONVERSION = YES;
				CLANG_WARN_NON_LITERAL_NULL_CONVERSION = YES;
				CLANG_WARN_OBJC_IMPLICIT_RETAIN_SELF = YES;
				CLANG_WARN_OBJC_LITERAL_CONVERSION = YES;
				CLANG_WARN_OBJC_ROOT_CLASS = YES_ERROR;
				CLANG_WARN_RANGE_LOOP_ANALYSIS = YES;
				CLANG_WARN_STRICT_PROTOTYPES = YES;
				CLANG_WARN_SUSPICIOUS_MOVE = YES;
				CLANG_WARN_UNGUARDED_AVAILABILITY = YES_AGGRESSIVE;
				CLANG_WARN_UNREACHABLE_CODE = YES;
				CLANG_WARN__DUPLICATE_METHOD_MATCH = YES;
				COPY_PHASE_STRIP = NO;
				DEBUG_INFORMATION_FORMAT = "dwarf-with-dsym";
				ENABLE_NS_ASSERTIONS = NO;
				ENABLE_STRICT_OBJC_MSGSEND = YES;
				GCC_C_LANGUAGE_STANDARD = gnu11;
				GCC_NO_COMMON_BLOCKS = YES;
				GCC_WARN_64_TO_32_BIT_CONVERSION = YES;
				GCC_WARN_ABOUT_RETURN_TYPE = YES_ERROR;
				GCC_WARN_UNDECLARED_SELECTOR = YES;
				GCC_WARN_UNINITIALIZED_AUTOS = YES_AGGRESSIVE;
				GCC_WARN_UNUSED_FUNCTION = YES;
				GCC_WARN_UNUSED_VARIABLE = YES;
				MACOSX_DEPLOYMENT_TARGET = 10.15;
				MTL_ENABLE_DEBUG_INFO = NO;
				MTL_FAST_MATH = YES;
				SDKROOT = macosx;
				SWIFT_COMPILATION_MODE = wholemodule;
				SWIFT_OPTIMIZATION_LEVEL = "-O";
			};
			name = Release;
		};
		408522E8246AF21700E65108 /* Debug */ = {
			isa = XCBuildConfiguration;
			buildSettings = {
				ASSETCATALOG_COMPILER_APPICON_NAME = AppIcon;
				CODE_SIGN_ENTITLEMENTS = DrinkAssistant/DrinkAssistant.entitlements;
				CODE_SIGN_STYLE = Automatic;
				COMBINE_HIDPI_IMAGES = YES;
				DEVELOPMENT_ASSET_PATHS = "\"DrinkAssistant/Preview Content\"";
				ENABLE_PREVIEWS = YES;
				INFOPLIST_FILE = DrinkAssistant/Info.plist;
				LD_RUNPATH_SEARCH_PATHS = (
					"$(inherited)",
					"@executable_path/../Frameworks",
				);
				MACOSX_DEPLOYMENT_TARGET = 10.15;
				PRODUCT_BUNDLE_IDENTIFIER = com.wincer.DrinkAssistant;
				PRODUCT_NAME = "$(TARGET_NAME)";
				SWIFT_VERSION = 5.0;
			};
			name = Debug;
		};
		408522E9246AF21700E65108 /* Release */ = {
			isa = XCBuildConfiguration;
			buildSettings = {
				ASSETCATALOG_COMPILER_APPICON_NAME = AppIcon;
				CODE_SIGN_ENTITLEMENTS = DrinkAssistant/DrinkAssistant.entitlements;
				CODE_SIGN_STYLE = Automatic;
				COMBINE_HIDPI_IMAGES = YES;
				DEVELOPMENT_ASSET_PATHS = "\"DrinkAssistant/Preview Content\"";
				ENABLE_PREVIEWS = YES;
				INFOPLIST_FILE = DrinkAssistant/Info.plist;
				LD_RUNPATH_SEARCH_PATHS = (
					"$(inherited)",
					"@executable_path/../Frameworks",
				);
				MACOSX_DEPLOYMENT_TARGET = 10.15;
				PRODUCT_BUNDLE_IDENTIFIER = com.wincer.DrinkAssistant;
				PRODUCT_NAME = "$(TARGET_NAME)";
				SWIFT_VERSION = 5.0;
			};
			name = Release;
		};
		408522EB246AF21700E65108 /* Debug */ = {
			isa = XCBuildConfiguration;
			buildSettings = {
				ALWAYS_EMBED_SWIFT_STANDARD_LIBRARIES = YES;
				BUNDLE_LOADER = "$(TEST_HOST)";
				CODE_SIGN_STYLE = Automatic;
				COMBINE_HIDPI_IMAGES = YES;
				INFOPLIST_FILE = DrinkAssistantTests/Info.plist;
				LD_RUNPATH_SEARCH_PATHS = (
					"$(inherited)",
					"@executable_path/../Frameworks",
					"@loader_path/../Frameworks",
				);
				MACOSX_DEPLOYMENT_TARGET = 10.15;
				PRODUCT_BUNDLE_IDENTIFIER = com.wincer.DrinkAssistantTests;
				PRODUCT_NAME = "$(TARGET_NAME)";
				SWIFT_VERSION = 5.0;
				TEST_HOST = "$(BUILT_PRODUCTS_DIR)/DrinkAssistant.app/Contents/MacOS/DrinkAssistant";
			};
			name = Debug;
		};
		408522EC246AF21700E65108 /* Release */ = {
			isa = XCBuildConfiguration;
			buildSettings = {
				ALWAYS_EMBED_SWIFT_STANDARD_LIBRARIES = YES;
				BUNDLE_LOADER = "$(TEST_HOST)";
				CODE_SIGN_STYLE = Automatic;
				COMBINE_HIDPI_IMAGES = YES;
				INFOPLIST_FILE = DrinkAssistantTests/Info.plist;
				LD_RUNPATH_SEARCH_PATHS = (
					"$(inherited)",
					"@executable_path/../Frameworks",
					"@loader_path/../Frameworks",
				);
				MACOSX_DEPLOYMENT_TARGET = 10.15;
				PRODUCT_BUNDLE_IDENTIFIER = com.wincer.DrinkAssistantTests;
				PRODUCT_NAME = "$(TARGET_NAME)";
				SWIFT_VERSION = 5.0;
				TEST_HOST = "$(BUILT_PRODUCTS_DIR)/DrinkAssistant.app/Contents/MacOS/DrinkAssistant";
			};
			name = Release;
		};
		408522EE246AF21700E65108 /* Debug */ = {
			isa = XCBuildConfiguration;
			buildSettings = {
				ALWAYS_EMBED_SWIFT_STANDARD_LIBRARIES = YES;
				CODE_SIGN_STYLE = Automatic;
				COMBINE_HIDPI_IMAGES = YES;
				INFOPLIST_FILE = DrinkAssistantUITests/Info.plist;
				LD_RUNPATH_SEARCH_PATHS = (
					"$(inherited)",
					"@executable_path/../Frameworks",
					"@loader_path/../Frameworks",
				);
				PRODUCT_BUNDLE_IDENTIFIER = com.wincer.DrinkAssistantUITests;
				PRODUCT_NAME = "$(TARGET_NAME)";
				SWIFT_VERSION = 5.0;
				TEST_TARGET_NAME = DrinkAssistant;
			};
			name = Debug;
		};
		408522EF246AF21700E65108 /* Release */ = {
			isa = XCBuildConfiguration;
			buildSettings = {
				ALWAYS_EMBED_SWIFT_STANDARD_LIBRARIES = YES;
				CODE_SIGN_STYLE = Automatic;
				COMBINE_HIDPI_IMAGES = YES;
				INFOPLIST_FILE = DrinkAssistantUITests/Info.plist;
				LD_RUNPATH_SEARCH_PATHS = (
					"$(inherited)",
					"@executable_path/../Frameworks",
					"@loader_path/../Frameworks",
				);
				PRODUCT_BUNDLE_IDENTIFIER = com.wincer.DrinkAssistantUITests;
				PRODUCT_NAME = "$(TARGET_NAME)";
				SWIFT_VERSION = 5.0;
				TEST_TARGET_NAME = DrinkAssistant;
			};
			name = Release;
		};
/* End XCBuildConfiguration section */

/* Begin XCConfigurationList section */
		408522B9246AF21600E65108 /* Build configuration list for PBXProject "DrinkAssistant" */ = {
			isa = XCConfigurationList;
			buildConfigurations = (
				408522E5246AF21700E65108 /* Debug */,
				408522E6246AF21700E65108 /* Release */,
			);
			defaultConfigurationIsVisible = 0;
			defaultConfigurationName = Release;
		};
		408522E7246AF21700E65108 /* Build configuration list for PBXNativeTarget "DrinkAssistant" */ = {
			isa = XCConfigurationList;
			buildConfigurations = (
				408522E8246AF21700E65108 /* Debug */,
				408522E9246AF21700E65108 /* Release */,
			);
			defaultConfigurationIsVisible = 0;
			defaultConfigurationName = Release;
		};
		408522EA246AF21700E65108 /* Build configuration list for PBXNativeTarget "DrinkAssistantTests" */ = {
			isa = XCConfigurationList;
			buildConfigurations = (
				408522EB246AF21700E65108 /* Debug */,
				408522EC246AF21700E65108 /* Release */,
			);
			defaultConfigurationIsVisible = 0;
			defaultConfigurationName = Release;
		};
		408522ED246AF21700E65108 /* Build configuration list for PBXNativeTarget "DrinkAssistantUITests" */ = {
			isa = XCConfigurationList;
			buildConfigurations = (
				408522EE246AF21700E65108 /* Debug */,
				408522EF246AF21700E65108 /* Release */,
			);
			defaultConfigurationIsVisible = 0;
			defaultConfigurationName = Release;
		};
/* End XCConfigurationList section */
	};
	rootObject = 408522B6246AF21600E65108 /* Project object */;
}
